
Microsoft Visual Studio Solution File, Format Version 12.00
# Visual Studio Version 16
VisualStudioVersion = 16.0.29503.13
MinimumVisualStudioVersion = 10.0.40219.1
Project("{FAE04EC0-301F-11D3-BF4B-00C04F79EFBC}") = "Futoszalag 8.het", "Futoszalag 8.het\Futoszalag 8.het.csproj", "{605D79AC-AC51-47E3-BC30-9EF4B9FCC081}"
EndProject
Global
	GlobalSection(SolutionConfigurationPlatforms) = preSolution
		Debug|Any CPU = Debug|Any CPU
		Release|Any CPU = Release|Any CPU
	EndGlobalSection
	GlobalSection(ProjectConfigurationPlatforms) = postSolution
		{605D79AC-AC51-47E3-BC30-9EF4B9FCC081}.Debug|Any CPU.ActiveCfg = Debug|Any CPU
		{605D79AC-AC51-47E3-BC30-9EF4B9FCC081}.Debug|Any CPU.Build.0 = Debug|Any CPU
		{605D79AC-AC51-47E3-BC30-9EF4B9FCC081}.Release|Any CPU.ActiveCfg = Release|Any CPU
		{605D79AC-AC51-47E3-BC30-9EF4B9FCC081}.Release|Any CPU.Build.0 = Release|Any CPU
	EndGlobalSection
	GlobalSection(SolutionProperties) = preSolution
		HideSolutionNode = FALSE
	EndGlobalSection
	GlobalSection(ExtensibilityGlobals) = postSolution
		SolutionGuid = {4C84EC14-DDBD-41BB-9546-FC09F3AEB80F}
	EndGlobalSection
EndGlobal
