
Microsoft Visual Studio Solution File, Format Version 12.00
# Visual Studio Version 16
VisualStudioVersion = 16.0.29503.13
MinimumVisualStudioVersion = 10.0.40219.1
Project("{FAE04EC0-301F-11D3-BF4B-00C04F79EFBC}") = "Week06(MNB)", "Week06(MNB)\Week06(MNB).csproj", "{74DF63F1-92CE-4FDC-A8F2-7ED7D5EEA04B}"
EndProject
Global
	GlobalSection(SolutionConfigurationPlatforms) = preSolution
		Debug|Any CPU = Debug|Any CPU
		Release|Any CPU = Release|Any CPU
	EndGlobalSection
	GlobalSection(ProjectConfigurationPlatforms) = postSolution
		{74DF63F1-92CE-4FDC-A8F2-7ED7D5EEA04B}.Debug|Any CPU.ActiveCfg = Debug|Any CPU
		{74DF63F1-92CE-4FDC-A8F2-7ED7D5EEA04B}.Debug|Any CPU.Build.0 = Debug|Any CPU
		{74DF63F1-92CE-4FDC-A8F2-7ED7D5EEA04B}.Release|Any CPU.ActiveCfg = Release|Any CPU
		{74DF63F1-92CE-4FDC-A8F2-7ED7D5EEA04B}.Release|Any CPU.Build.0 = Release|Any CPU
	EndGlobalSection
	GlobalSection(SolutionProperties) = preSolution
		HideSolutionNode = FALSE
	EndGlobalSection
	GlobalSection(ExtensibilityGlobals) = postSolution
		SolutionGuid = {89204A00-0FB1-4714-85F2-F82F3444D90B}
	EndGlobalSection
EndGlobal
